
Microsoft Visual Studio Solution File, Format Version 12.00
# Visual Studio 2013
VisualStudioVersion = 12.0.40629.0
MinimumVisualStudioVersion = 10.0.40219.1
Project("{FAE04EC0-301F-11D3-BF4B-00C04F79EFBC}") = "SignalRExample", "SignalRExample\SignalRExample.csproj", "{FDC5019C-1396-4DA6-99A1-5A7F0EE4A347}"
EndProject
Project("{FAE04EC0-301F-11D3-BF4B-00C04F79EFBC}") = "SignalRExample.Client", "SignalRExample.Client\SignalRExample.Client.csproj", "{8A2A3D7E-EC85-475C-A4F6-6A61B2F60D1C}"
EndProject
Project("{FAE04EC0-301F-11D3-BF4B-00C04F79EFBC}") = "SignalRExample.Server", "SignalRExample.Server\SignalRExample.Server.csproj", "{CD6AC533-3231-4807-8071-B4F7A39224BE}"
EndProject
Project("{FAE04EC0-301F-11D3-BF4B-00C04F79EFBC}") = "SignalRExample.WebServer", "SignalRExample.WebServer\SignalRExample.WebServer.csproj", "{F7178B11-3665-4E25-824A-723CB329B342}"
EndProject
Project("{FAE04EC0-301F-11D3-BF4B-00C04F79EFBC}") = "SignalRExample.WebClient", "SignalRExample.WebClient\SignalRExample.WebClient.csproj", "{464DBE7D-168D-4E2E-AF8B-DEDC5B127C8D}"
EndProject
Project("{FAE04EC0-301F-11D3-BF4B-00C04F79EFBC}") = "SignalRExample.WebClientConsole", "SignalRExample.WebClientConsole\SignalRExample.WebClientConsole.csproj", "{CC91511F-9F09-420F-A691-DD5822FDD593}"
EndProject
Project("{FAE04EC0-301F-11D3-BF4B-00C04F79EFBC}") = "SignalRExample.WebMVC", "SignalRExample.WebMVC\SignalRExample.WebMVC.csproj", "{130FD9AB-560A-4487-955A-64E247BFEA9A}"
EndProject
Global
	GlobalSection(SolutionConfigurationPlatforms) = preSolution
		Debug|Any CPU = Debug|Any CPU
		Release|Any CPU = Release|Any CPU
	EndGlobalSection
	GlobalSection(ProjectConfigurationPlatforms) = postSolution
		{FDC5019C-1396-4DA6-99A1-5A7F0EE4A347}.Debug|Any CPU.ActiveCfg = Debug|Any CPU
		{FDC5019C-1396-4DA6-99A1-5A7F0EE4A347}.Debug|Any CPU.Build.0 = Debug|Any CPU
		{FDC5019C-1396-4DA6-99A1-5A7F0EE4A347}.Release|Any CPU.ActiveCfg = Release|Any CPU
		{FDC5019C-1396-4DA6-99A1-5A7F0EE4A347}.Release|Any CPU.Build.0 = Release|Any CPU
		{8A2A3D7E-EC85-475C-A4F6-6A61B2F60D1C}.Debug|Any CPU.ActiveCfg = Debug|Any CPU
		{8A2A3D7E-EC85-475C-A4F6-6A61B2F60D1C}.Debug|Any CPU.Build.0 = Debug|Any CPU
		{8A2A3D7E-EC85-475C-A4F6-6A61B2F60D1C}.Release|Any CPU.ActiveCfg = Release|Any CPU
		{8A2A3D7E-EC85-475C-A4F6-6A61B2F60D1C}.Release|Any CPU.Build.0 = Release|Any CPU
		{CD6AC533-3231-4807-8071-B4F7A39224BE}.Debug|Any CPU.ActiveCfg = Debug|Any CPU
		{CD6AC533-3231-4807-8071-B4F7A39224BE}.Debug|Any CPU.Build.0 = Debug|Any CPU
		{CD6AC533-3231-4807-8071-B4F7A39224BE}.Release|Any CPU.ActiveCfg = Release|Any CPU
		{CD6AC533-3231-4807-8071-B4F7A39224BE}.Release|Any CPU.Build.0 = Release|Any CPU
		{F7178B11-3665-4E25-824A-723CB329B342}.Debug|Any CPU.ActiveCfg = Debug|Any CPU
		{F7178B11-3665-4E25-824A-723CB329B342}.Debug|Any CPU.Build.0 = Debug|Any CPU
		{F7178B11-3665-4E25-824A-723CB329B342}.Release|Any CPU.ActiveCfg = Release|Any CPU
		{F7178B11-3665-4E25-824A-723CB329B342}.Release|Any CPU.Build.0 = Release|Any CPU
		{464DBE7D-168D-4E2E-AF8B-DEDC5B127C8D}.Debug|Any CPU.ActiveCfg = Debug|Any CPU
		{464DBE7D-168D-4E2E-AF8B-DEDC5B127C8D}.Debug|Any CPU.Build.0 = Debug|Any CPU
		{464DBE7D-168D-4E2E-AF8B-DEDC5B127C8D}.Release|Any CPU.ActiveCfg = Release|Any CPU
		{464DBE7D-168D-4E2E-AF8B-DEDC5B127C8D}.Release|Any CPU.Build.0 = Release|Any CPU
		{CC91511F-9F09-420F-A691-DD5822FDD593}.Debug|Any CPU.ActiveCfg = Debug|Any CPU
		{CC91511F-9F09-420F-A691-DD5822FDD593}.Debug|Any CPU.Build.0 = Debug|Any CPU
		{CC91511F-9F09-420F-A691-DD5822FDD593}.Release|Any CPU.ActiveCfg = Release|Any CPU
		{CC91511F-9F09-420F-A691-DD5822FDD593}.Release|Any CPU.Build.0 = Release|Any CPU
		{130FD9AB-560A-4487-955A-64E247BFEA9A}.Debug|Any CPU.ActiveCfg = Debug|Any CPU
		{130FD9AB-560A-4487-955A-64E247BFEA9A}.Debug|Any CPU.Build.0 = Debug|Any CPU
		{130FD9AB-560A-4487-955A-64E247BFEA9A}.Release|Any CPU.ActiveCfg = Release|Any CPU
		{130FD9AB-560A-4487-955A-64E247BFEA9A}.Release|Any CPU.Build.0 = Release|Any CPU
	EndGlobalSection
	GlobalSection(SolutionProperties) = preSolution
		HideSolutionNode = FALSE
	EndGlobalSection
EndGlobal
